
Microsoft Visual Studio Solution File, Format Version 12.00
# Visual Studio Version 16
VisualStudioVersion = 16.0.31702.278
MinimumVisualStudioVersion = 10.0.40219.1
Project("{9A19103F-16F7-4668-BE54-9A1E7A4F7556}") = "ATM-Tests", "ATM-Tests\ATM-Tests.csproj", "{12FA5C68-89C8-4DF8-9E69-574CC0F0492B}"
EndProject
Project("{9A19103F-16F7-4668-BE54-9A1E7A4F7556}") = "ATM-Machine", "ATM-Machine\ATM-Machine.csproj", "{110B53B7-DC39-4535-AC82-DDBEB5A99963}"
EndProject
Global
	GlobalSection(SolutionConfigurationPlatforms) = preSolution
		Debug|Any CPU = Debug|Any CPU
		Release|Any CPU = Release|Any CPU
	EndGlobalSection
	GlobalSection(ProjectConfigurationPlatforms) = postSolution
		{12FA5C68-89C8-4DF8-9E69-574CC0F0492B}.Debug|Any CPU.ActiveCfg = Debug|Any CPU
		{12FA5C68-89C8-4DF8-9E69-574CC0F0492B}.Debug|Any CPU.Build.0 = Debug|Any CPU
		{12FA5C68-89C8-4DF8-9E69-574CC0F0492B}.Release|Any CPU.ActiveCfg = Release|Any CPU
		{12FA5C68-89C8-4DF8-9E69-574CC0F0492B}.Release|Any CPU.Build.0 = Release|Any CPU
		{110B53B7-DC39-4535-AC82-DDBEB5A99963}.Debug|Any CPU.ActiveCfg = Debug|Any CPU
		{110B53B7-DC39-4535-AC82-DDBEB5A99963}.Debug|Any CPU.Build.0 = Debug|Any CPU
		{110B53B7-DC39-4535-AC82-DDBEB5A99963}.Release|Any CPU.ActiveCfg = Release|Any CPU
		{110B53B7-DC39-4535-AC82-DDBEB5A99963}.Release|Any CPU.Build.0 = Release|Any CPU
	EndGlobalSection
	GlobalSection(SolutionProperties) = preSolution
		HideSolutionNode = FALSE
	EndGlobalSection
	GlobalSection(ExtensibilityGlobals) = postSolution
		SolutionGuid = {F0553CB7-A1AD-48A8-8519-E90B45D50EB6}
	EndGlobalSection
EndGlobal
